
Microsoft Visual Studio Solution File, Format Version 11.00
# Visual Studio 2010
Project("{FAE04EC0-301F-11D3-BF4B-00C04F79EFBC}") = "WISE_RESTAPI_Main", "WISE_RESTAPI_Main\WISE_RESTAPI_Main.csproj", "{07E80AE7-C0E8-47B8-B7E6-28BCAA2FEB45}"
EndProject
Project("{FAE04EC0-301F-11D3-BF4B-00C04F79EFBC}") = "WISE_API_Lib", "WISE_API_Lib\WISE_API_Lib.csproj", "{A9E79EFD-5C09-49CA-920D-76EE1B92968C}"
EndProject
Project("{FAE04EC0-301F-11D3-BF4B-00C04F79EFBC}") = "WISE_RESTAPI_NETWORK", "WISE_RESTAPI_NETWORK\WISE_RESTAPI_NETWORK.csproj", "{CE618E6F-D0D6-4DE0-B9C6-03C33956616F}"
EndProject
Project("{FAE04EC0-301F-11D3-BF4B-00C04F79EFBC}") = "WISE_RESTAPI_NETWORK_ADV", "WISE_RESTAPI_NETWORK_ADV\WISE_RESTAPI_NETWORK_ADV.csproj", "{269B6DC8-6076-449F-A8F0-2426A3BE7126}"
EndProject
Project("{FAE04EC0-301F-11D3-BF4B-00C04F79EFBC}") = "WISE_RESTAPI_WirelessConfig", "WISE_RESTAPI_WirelessConfig\WISE_RESTAPI_WirelessConfig.csproj", "{4BF00B6F-3C2B-4986-885C-EE8D4181258F}"
EndProject
Project("{FAE04EC0-301F-11D3-BF4B-00C04F79EFBC}") = "WISE_RESTAPI_WirelessValue", "WISE_RESTAPI_WirelessValue\WISE_RESTAPI_WirelessValue.csproj", "{708D1E29-589A-4192-A00D-D4EDF63DC185}"
EndProject
Project("{FAE04EC0-301F-11D3-BF4B-00C04F79EFBC}") = "WISE_RESTAPI_GeneralConfig", "WISE_RESTAPI_GeneralConfig\WISE_RESTAPI_GeneralConfig.csproj", "{636854CA-F7D0-4B72-BFFB-7F1C875F78E6}"
EndProject
Project("{FAE04EC0-301F-11D3-BF4B-00C04F79EFBC}") = "WISE_RESTAPI_AcsCtrl", "WISE_RESTAPI_AcsCtrl\WISE_RESTAPI_AcsCtrl.csproj", "{C155FF34-A239-4ED9-B0DD-D3D8D863AEA7}"
EndProject
Project("{FAE04EC0-301F-11D3-BF4B-00C04F79EFBC}") = "WISE_RESTAPI_LoggerOp", "WISE_RESTAPI_LoggerOp\WISE_RESTAPI_LoggerOp.csproj", "{1CB32086-54C7-4FCE-BB83-8B71F12C7220}"
EndProject
Project("{FAE04EC0-301F-11D3-BF4B-00C04F79EFBC}") = "WISE_RESTAPI_LoggerCond", "WISE_RESTAPI_LoggerCond\WISE_RESTAPI_LoggerCond.csproj", "{27CD7E3B-C79F-47DD-B759-A3523D053A8F}"
EndProject
Project("{FAE04EC0-301F-11D3-BF4B-00C04F79EFBC}") = "WISE_RESTAPI_LogDataBinM", "WISE_RESTAPI_LogDataBinM\WISE_RESTAPI_LogDataBinM.csproj", "{4260D1FE-C145-4B9E-B1FB-F9E159E7A68B}"
EndProject
Project("{FAE04EC0-301F-11D3-BF4B-00C04F79EFBC}") = "WISE_RESTAPI_SysLogDataMsg", "WISE_RESTAPI_SysLogDataMsg\WISE_RESTAPI_SysLogDataMsg.csproj", "{9A15E7E3-927B-447B-BDD5-275EF2F06963}"
EndProject
Project("{FAE04EC0-301F-11D3-BF4B-00C04F79EFBC}") = "WISE_RESTAPI_CloudLoggerConfig", "WISE_RESTAPI_CloudLoggerConfig\WISE_RESTAPI_CloudLoggerConfig.csproj", "{15E9B2FE-64F5-4957-A755-2AFFF3129897}"
EndProject
Project("{FAE04EC0-301F-11D3-BF4B-00C04F79EFBC}") = "WISE_RESTAPI_LogSysOp", "WISE_RESTAPI_LogSysOp\WISE_RESTAPI_LogSysOp.csproj", "{F32CDBDE-65CE-4171-8101-E02583FC3F4A}"
EndProject
Project("{FAE04EC0-301F-11D3-BF4B-00C04F79EFBC}") = "WISE_RESTAPI_LoggerSwitch", "WISE_RESTAPI_LoggerSwitch\WISE_RESTAPI_LoggerSwitch.csproj", "{4526EE8A-13D8-4B58-A92C-B387CEB9879D}"
EndProject
Project("{FAE04EC0-301F-11D3-BF4B-00C04F79EFBC}") = "WISE_RESTAPI_CloudConfig", "WISE_RESTAPI_CloudConfig\WISE_RESTAPI_CloudConfig.csproj", "{F53E8B95-ED82-41A2-89E5-98B328C3F245}"
EndProject
Project("{FAE04EC0-301F-11D3-BF4B-00C04F79EFBC}") = "WISE_RESTAPI_CloudValue", "WISE_RESTAPI_CloudValue\WISE_RESTAPI_CloudValue.csproj", "{A03BF694-C7EA-4756-80E0-2D9384091894}"
EndProject
Global
	GlobalSection(SolutionConfigurationPlatforms) = preSolution
		Debug|Any CPU = Debug|Any CPU
		Debug|Mixed Platforms = Debug|Mixed Platforms
		Debug|x86 = Debug|x86
		Release|Any CPU = Release|Any CPU
		Release|Mixed Platforms = Release|Mixed Platforms
		Release|x86 = Release|x86
	EndGlobalSection
	GlobalSection(ProjectConfigurationPlatforms) = postSolution
		{07E80AE7-C0E8-47B8-B7E6-28BCAA2FEB45}.Debug|Any CPU.ActiveCfg = Debug|x86
		{07E80AE7-C0E8-47B8-B7E6-28BCAA2FEB45}.Debug|Mixed Platforms.ActiveCfg = Debug|x86
		{07E80AE7-C0E8-47B8-B7E6-28BCAA2FEB45}.Debug|Mixed Platforms.Build.0 = Debug|x86
		{07E80AE7-C0E8-47B8-B7E6-28BCAA2FEB45}.Debug|x86.ActiveCfg = Debug|x86
		{07E80AE7-C0E8-47B8-B7E6-28BCAA2FEB45}.Debug|x86.Build.0 = Debug|x86
		{07E80AE7-C0E8-47B8-B7E6-28BCAA2FEB45}.Release|Any CPU.ActiveCfg = Release|x86
		{07E80AE7-C0E8-47B8-B7E6-28BCAA2FEB45}.Release|Mixed Platforms.ActiveCfg = Release|x86
		{07E80AE7-C0E8-47B8-B7E6-28BCAA2FEB45}.Release|Mixed Platforms.Build.0 = Release|x86
		{07E80AE7-C0E8-47B8-B7E6-28BCAA2FEB45}.Release|x86.ActiveCfg = Release|x86
		{07E80AE7-C0E8-47B8-B7E6-28BCAA2FEB45}.Release|x86.Build.0 = Release|x86
		{A9E79EFD-5C09-49CA-920D-76EE1B92968C}.Debug|Any CPU.ActiveCfg = Debug|Any CPU
		{A9E79EFD-5C09-49CA-920D-76EE1B92968C}.Debug|Any CPU.Build.0 = Debug|Any CPU
		{A9E79EFD-5C09-49CA-920D-76EE1B92968C}.Debug|Mixed Platforms.ActiveCfg = Debug|Any CPU
		{A9E79EFD-5C09-49CA-920D-76EE1B92968C}.Debug|Mixed Platforms.Build.0 = Debug|Any CPU
		{A9E79EFD-5C09-49CA-920D-76EE1B92968C}.Debug|x86.ActiveCfg = Debug|Any CPU
		{A9E79EFD-5C09-49CA-920D-76EE1B92968C}.Release|Any CPU.ActiveCfg = Release|Any CPU
		{A9E79EFD-5C09-49CA-920D-76EE1B92968C}.Release|Any CPU.Build.0 = Release|Any CPU
		{A9E79EFD-5C09-49CA-920D-76EE1B92968C}.Release|Mixed Platforms.ActiveCfg = Release|Any CPU
		{A9E79EFD-5C09-49CA-920D-76EE1B92968C}.Release|Mixed Platforms.Build.0 = Release|Any CPU
		{A9E79EFD-5C09-49CA-920D-76EE1B92968C}.Release|x86.ActiveCfg = Release|Any CPU
		{CE618E6F-D0D6-4DE0-B9C6-03C33956616F}.Debug|Any CPU.ActiveCfg = Debug|x86
		{CE618E6F-D0D6-4DE0-B9C6-03C33956616F}.Debug|Mixed Platforms.ActiveCfg = Debug|x86
		{CE618E6F-D0D6-4DE0-B9C6-03C33956616F}.Debug|Mixed Platforms.Build.0 = Debug|x86
		{CE618E6F-D0D6-4DE0-B9C6-03C33956616F}.Debug|x86.ActiveCfg = Debug|x86
		{CE618E6F-D0D6-4DE0-B9C6-03C33956616F}.Debug|x86.Build.0 = Debug|x86
		{CE618E6F-D0D6-4DE0-B9C6-03C33956616F}.Release|Any CPU.ActiveCfg = Release|x86
		{CE618E6F-D0D6-4DE0-B9C6-03C33956616F}.Release|Mixed Platforms.ActiveCfg = Release|x86
		{CE618E6F-D0D6-4DE0-B9C6-03C33956616F}.Release|Mixed Platforms.Build.0 = Release|x86
		{CE618E6F-D0D6-4DE0-B9C6-03C33956616F}.Release|x86.ActiveCfg = Release|x86
		{CE618E6F-D0D6-4DE0-B9C6-03C33956616F}.Release|x86.Build.0 = Release|x86
		{269B6DC8-6076-449F-A8F0-2426A3BE7126}.Debug|Any CPU.ActiveCfg = Debug|x86
		{269B6DC8-6076-449F-A8F0-2426A3BE7126}.Debug|Mixed Platforms.ActiveCfg = Debug|x86
		{269B6DC8-6076-449F-A8F0-2426A3BE7126}.Debug|Mixed Platforms.Build.0 = Debug|x86
		{269B6DC8-6076-449F-A8F0-2426A3BE7126}.Debug|x86.ActiveCfg = Debug|x86
		{269B6DC8-6076-449F-A8F0-2426A3BE7126}.Debug|x86.Build.0 = Debug|x86
		{269B6DC8-6076-449F-A8F0-2426A3BE7126}.Release|Any CPU.ActiveCfg = Release|x86
		{269B6DC8-6076-449F-A8F0-2426A3BE7126}.Release|Mixed Platforms.ActiveCfg = Release|x86
		{269B6DC8-6076-449F-A8F0-2426A3BE7126}.Release|Mixed Platforms.Build.0 = Release|x86
		{269B6DC8-6076-449F-A8F0-2426A3BE7126}.Release|x86.ActiveCfg = Release|x86
		{269B6DC8-6076-449F-A8F0-2426A3BE7126}.Release|x86.Build.0 = Release|x86
		{4BF00B6F-3C2B-4986-885C-EE8D4181258F}.Debug|Any CPU.ActiveCfg = Debug|x86
		{4BF00B6F-3C2B-4986-885C-EE8D4181258F}.Debug|Mixed Platforms.ActiveCfg = Debug|x86
		{4BF00B6F-3C2B-4986-885C-EE8D4181258F}.Debug|Mixed Platforms.Build.0 = Debug|x86
		{4BF00B6F-3C2B-4986-885C-EE8D4181258F}.Debug|x86.ActiveCfg = Debug|x86
		{4BF00B6F-3C2B-4986-885C-EE8D4181258F}.Debug|x86.Build.0 = Debug|x86
		{4BF00B6F-3C2B-4986-885C-EE8D4181258F}.Release|Any CPU.ActiveCfg = Release|x86
		{4BF00B6F-3C2B-4986-885C-EE8D4181258F}.Release|Mixed Platforms.ActiveCfg = Release|x86
		{4BF00B6F-3C2B-4986-885C-EE8D4181258F}.Release|Mixed Platforms.Build.0 = Release|x86
		{4BF00B6F-3C2B-4986-885C-EE8D4181258F}.Release|x86.ActiveCfg = Release|x86
		{4BF00B6F-3C2B-4986-885C-EE8D4181258F}.Release|x86.Build.0 = Release|x86
		{708D1E29-589A-4192-A00D-D4EDF63DC185}.Debug|Any CPU.ActiveCfg = Debug|x86
		{708D1E29-589A-4192-A00D-D4EDF63DC185}.Debug|Mixed Platforms.ActiveCfg = Debug|x86
		{708D1E29-589A-4192-A00D-D4EDF63DC185}.Debug|Mixed Platforms.Build.0 = Debug|x86
		{708D1E29-589A-4192-A00D-D4EDF63DC185}.Debug|x86.ActiveCfg = Debug|x86
		{708D1E29-589A-4192-A00D-D4EDF63DC185}.Debug|x86.Build.0 = Debug|x86
		{708D1E29-589A-4192-A00D-D4EDF63DC185}.Release|Any CPU.ActiveCfg = Release|x86
		{708D1E29-589A-4192-A00D-D4EDF63DC185}.Release|Mixed Platforms.ActiveCfg = Release|x86
		{708D1E29-589A-4192-A00D-D4EDF63DC185}.Release|Mixed Platforms.Build.0 = Release|x86
		{708D1E29-589A-4192-A00D-D4EDF63DC185}.Release|x86.ActiveCfg = Release|x86
		{708D1E29-589A-4192-A00D-D4EDF63DC185}.Release|x86.Build.0 = Release|x86
		{636854CA-F7D0-4B72-BFFB-7F1C875F78E6}.Debug|Any CPU.ActiveCfg = Debug|x86
		{636854CA-F7D0-4B72-BFFB-7F1C875F78E6}.Debug|Mixed Platforms.ActiveCfg = Debug|x86
		{636854CA-F7D0-4B72-BFFB-7F1C875F78E6}.Debug|Mixed Platforms.Build.0 = Debug|x86
		{636854CA-F7D0-4B72-BFFB-7F1C875F78E6}.Debug|x86.ActiveCfg = Debug|x86
		{636854CA-F7D0-4B72-BFFB-7F1C875F78E6}.Debug|x86.Build.0 = Debug|x86
		{636854CA-F7D0-4B72-BFFB-7F1C875F78E6}.Release|Any CPU.ActiveCfg = Release|x86
		{636854CA-F7D0-4B72-BFFB-7F1C875F78E6}.Release|Mixed Platforms.ActiveCfg = Release|x86
		{636854CA-F7D0-4B72-BFFB-7F1C875F78E6}.Release|Mixed Platforms.Build.0 = Release|x86
		{636854CA-F7D0-4B72-BFFB-7F1C875F78E6}.Release|x86.ActiveCfg = Release|x86
		{636854CA-F7D0-4B72-BFFB-7F1C875F78E6}.Release|x86.Build.0 = Release|x86
		{C155FF34-A239-4ED9-B0DD-D3D8D863AEA7}.Debug|Any CPU.ActiveCfg = Debug|x86
		{C155FF34-A239-4ED9-B0DD-D3D8D863AEA7}.Debug|Mixed Platforms.ActiveCfg = Debug|x86
		{C155FF34-A239-4ED9-B0DD-D3D8D863AEA7}.Debug|Mixed Platforms.Build.0 = Debug|x86
		{C155FF34-A239-4ED9-B0DD-D3D8D863AEA7}.Debug|x86.ActiveCfg = Debug|x86
		{C155FF34-A239-4ED9-B0DD-D3D8D863AEA7}.Debug|x86.Build.0 = Debug|x86
		{C155FF34-A239-4ED9-B0DD-D3D8D863AEA7}.Release|Any CPU.ActiveCfg = Release|x86
		{C155FF34-A239-4ED9-B0DD-D3D8D863AEA7}.Release|Mixed Platforms.ActiveCfg = Release|x86
		{C155FF34-A239-4ED9-B0DD-D3D8D863AEA7}.Release|Mixed Platforms.Build.0 = Release|x86
		{C155FF34-A239-4ED9-B0DD-D3D8D863AEA7}.Release|x86.ActiveCfg = Release|x86
		{C155FF34-A239-4ED9-B0DD-D3D8D863AEA7}.Release|x86.Build.0 = Release|x86
		{1CB32086-54C7-4FCE-BB83-8B71F12C7220}.Debug|Any CPU.ActiveCfg = Debug|x86
		{1CB32086-54C7-4FCE-BB83-8B71F12C7220}.Debug|Mixed Platforms.ActiveCfg = Debug|x86
		{1CB32086-54C7-4FCE-BB83-8B71F12C7220}.Debug|Mixed Platforms.Build.0 = Debug|x86
		{1CB32086-54C7-4FCE-BB83-8B71F12C7220}.Debug|x86.ActiveCfg = Debug|x86
		{1CB32086-54C7-4FCE-BB83-8B71F12C7220}.Debug|x86.Build.0 = Debug|x86
		{1CB32086-54C7-4FCE-BB83-8B71F12C7220}.Release|Any CPU.ActiveCfg = Release|x86
		{1CB32086-54C7-4FCE-BB83-8B71F12C7220}.Release|Mixed Platforms.ActiveCfg = Release|x86
		{1CB32086-54C7-4FCE-BB83-8B71F12C7220}.Release|Mixed Platforms.Build.0 = Release|x86
		{1CB32086-54C7-4FCE-BB83-8B71F12C7220}.Release|x86.ActiveCfg = Release|x86
		{1CB32086-54C7-4FCE-BB83-8B71F12C7220}.Release|x86.Build.0 = Release|x86
		{27CD7E3B-C79F-47DD-B759-A3523D053A8F}.Debug|Any CPU.ActiveCfg = Debug|x86
		{27CD7E3B-C79F-47DD-B759-A3523D053A8F}.Debug|Mixed Platforms.ActiveCfg = Debug|x86
		{27CD7E3B-C79F-47DD-B759-A3523D053A8F}.Debug|Mixed Platforms.Build.0 = Debug|x86
		{27CD7E3B-C79F-47DD-B759-A3523D053A8F}.Debug|x86.ActiveCfg = Debug|x86
		{27CD7E3B-C79F-47DD-B759-A3523D053A8F}.Debug|x86.Build.0 = Debug|x86
		{27CD7E3B-C79F-47DD-B759-A3523D053A8F}.Release|Any CPU.ActiveCfg = Release|x86
		{27CD7E3B-C79F-47DD-B759-A3523D053A8F}.Release|Mixed Platforms.ActiveCfg = Release|x86
		{27CD7E3B-C79F-47DD-B759-A3523D053A8F}.Release|Mixed Platforms.Build.0 = Release|x86
		{27CD7E3B-C79F-47DD-B759-A3523D053A8F}.Release|x86.ActiveCfg = Release|x86
		{27CD7E3B-C79F-47DD-B759-A3523D053A8F}.Release|x86.Build.0 = Release|x86
		{4260D1FE-C145-4B9E-B1FB-F9E159E7A68B}.Debug|Any CPU.ActiveCfg = Debug|x86
		{4260D1FE-C145-4B9E-B1FB-F9E159E7A68B}.Debug|Mixed Platforms.ActiveCfg = Debug|x86
		{4260D1FE-C145-4B9E-B1FB-F9E159E7A68B}.Debug|Mixed Platforms.Build.0 = Debug|x86
		{4260D1FE-C145-4B9E-B1FB-F9E159E7A68B}.Debug|x86.ActiveCfg = Debug|x86
		{4260D1FE-C145-4B9E-B1FB-F9E159E7A68B}.Debug|x86.Build.0 = Debug|x86
		{4260D1FE-C145-4B9E-B1FB-F9E159E7A68B}.Release|Any CPU.ActiveCfg = Release|x86
		{4260D1FE-C145-4B9E-B1FB-F9E159E7A68B}.Release|Mixed Platforms.ActiveCfg = Release|x86
		{4260D1FE-C145-4B9E-B1FB-F9E159E7A68B}.Release|Mixed Platforms.Build.0 = Release|x86
		{4260D1FE-C145-4B9E-B1FB-F9E159E7A68B}.Release|x86.ActiveCfg = Release|x86
		{4260D1FE-C145-4B9E-B1FB-F9E159E7A68B}.Release|x86.Build.0 = Release|x86
		{9A15E7E3-927B-447B-BDD5-275EF2F06963}.Debug|Any CPU.ActiveCfg = Debug|x86
		{9A15E7E3-927B-447B-BDD5-275EF2F06963}.Debug|Mixed Platforms.ActiveCfg = Debug|x86
		{9A15E7E3-927B-447B-BDD5-275EF2F06963}.Debug|Mixed Platforms.Build.0 = Debug|x86
		{9A15E7E3-927B-447B-BDD5-275EF2F06963}.Debug|x86.ActiveCfg = Debug|x86
		{9A15E7E3-927B-447B-BDD5-275EF2F06963}.Debug|x86.Build.0 = Debug|x86
		{9A15E7E3-927B-447B-BDD5-275EF2F06963}.Release|Any CPU.ActiveCfg = Release|x86
		{9A15E7E3-927B-447B-BDD5-275EF2F06963}.Release|Mixed Platforms.ActiveCfg = Release|x86
		{9A15E7E3-927B-447B-BDD5-275EF2F06963}.Release|Mixed Platforms.Build.0 = Release|x86
		{9A15E7E3-927B-447B-BDD5-275EF2F06963}.Release|x86.ActiveCfg = Release|x86
		{9A15E7E3-927B-447B-BDD5-275EF2F06963}.Release|x86.Build.0 = Release|x86
		{15E9B2FE-64F5-4957-A755-2AFFF3129897}.Debug|Any CPU.ActiveCfg = Debug|x86
		{15E9B2FE-64F5-4957-A755-2AFFF3129897}.Debug|Mixed Platforms.ActiveCfg = Debug|x86
		{15E9B2FE-64F5-4957-A755-2AFFF3129897}.Debug|Mixed Platforms.Build.0 = Debug|x86
		{15E9B2FE-64F5-4957-A755-2AFFF3129897}.Debug|x86.ActiveCfg = Debug|x86
		{15E9B2FE-64F5-4957-A755-2AFFF3129897}.Debug|x86.Build.0 = Debug|x86
		{15E9B2FE-64F5-4957-A755-2AFFF3129897}.Release|Any CPU.ActiveCfg = Release|x86
		{15E9B2FE-64F5-4957-A755-2AFFF3129897}.Release|Mixed Platforms.ActiveCfg = Release|x86
		{15E9B2FE-64F5-4957-A755-2AFFF3129897}.Release|Mixed Platforms.Build.0 = Release|x86
		{15E9B2FE-64F5-4957-A755-2AFFF3129897}.Release|x86.ActiveCfg = Release|x86
		{15E9B2FE-64F5-4957-A755-2AFFF3129897}.Release|x86.Build.0 = Release|x86
		{F32CDBDE-65CE-4171-8101-E02583FC3F4A}.Debug|Any CPU.ActiveCfg = Debug|x86
		{F32CDBDE-65CE-4171-8101-E02583FC3F4A}.Debug|Mixed Platforms.ActiveCfg = Debug|x86
		{F32CDBDE-65CE-4171-8101-E02583FC3F4A}.Debug|Mixed Platforms.Build.0 = Debug|x86
		{F32CDBDE-65CE-4171-8101-E02583FC3F4A}.Debug|x86.ActiveCfg = Debug|x86
		{F32CDBDE-65CE-4171-8101-E02583FC3F4A}.Debug|x86.Build.0 = Debug|x86
		{F32CDBDE-65CE-4171-8101-E02583FC3F4A}.Release|Any CPU.ActiveCfg = Release|x86
		{F32CDBDE-65CE-4171-8101-E02583FC3F4A}.Release|Mixed Platforms.ActiveCfg = Release|x86
		{F32CDBDE-65CE-4171-8101-E02583FC3F4A}.Release|Mixed Platforms.Build.0 = Release|x86
		{F32CDBDE-65CE-4171-8101-E02583FC3F4A}.Release|x86.ActiveCfg = Release|x86
		{F32CDBDE-65CE-4171-8101-E02583FC3F4A}.Release|x86.Build.0 = Release|x86
		{4526EE8A-13D8-4B58-A92C-B387CEB9879D}.Debug|Any CPU.ActiveCfg = Debug|x86
		{4526EE8A-13D8-4B58-A92C-B387CEB9879D}.Debug|Mixed Platforms.ActiveCfg = Debug|x86
		{4526EE8A-13D8-4B58-A92C-B387CEB9879D}.Debug|Mixed Platforms.Build.0 = Debug|x86
		{4526EE8A-13D8-4B58-A92C-B387CEB9879D}.Debug|x86.ActiveCfg = Debug|x86
		{4526EE8A-13D8-4B58-A92C-B387CEB9879D}.Debug|x86.Build.0 = Debug|x86
		{4526EE8A-13D8-4B58-A92C-B387CEB9879D}.Release|Any CPU.ActiveCfg = Release|x86
		{4526EE8A-13D8-4B58-A92C-B387CEB9879D}.Release|Mixed Platforms.ActiveCfg = Release|x86
		{4526EE8A-13D8-4B58-A92C-B387CEB9879D}.Release|Mixed Platforms.Build.0 = Release|x86
		{4526EE8A-13D8-4B58-A92C-B387CEB9879D}.Release|x86.ActiveCfg = Release|x86
		{4526EE8A-13D8-4B58-A92C-B387CEB9879D}.Release|x86.Build.0 = Release|x86
		{F53E8B95-ED82-41A2-89E5-98B328C3F245}.Debug|Any CPU.ActiveCfg = Debug|x86
		{F53E8B95-ED82-41A2-89E5-98B328C3F245}.Debug|Mixed Platforms.ActiveCfg = Debug|x86
		{F53E8B95-ED82-41A2-89E5-98B328C3F245}.Debug|Mixed Platforms.Build.0 = Debug|x86
		{F53E8B95-ED82-41A2-89E5-98B328C3F245}.Debug|x86.ActiveCfg = Debug|x86
		{F53E8B95-ED82-41A2-89E5-98B328C3F245}.Debug|x86.Build.0 = Debug|x86
		{F53E8B95-ED82-41A2-89E5-98B328C3F245}.Release|Any CPU.ActiveCfg = Release|x86
		{F53E8B95-ED82-41A2-89E5-98B328C3F245}.Release|Mixed Platforms.ActiveCfg = Release|x86
		{F53E8B95-ED82-41A2-89E5-98B328C3F245}.Release|Mixed Platforms.Build.0 = Release|x86
		{F53E8B95-ED82-41A2-89E5-98B328C3F245}.Release|x86.ActiveCfg = Release|x86
		{F53E8B95-ED82-41A2-89E5-98B328C3F245}.Release|x86.Build.0 = Release|x86
		{A03BF694-C7EA-4756-80E0-2D9384091894}.Debug|Any CPU.ActiveCfg = Debug|x86
		{A03BF694-C7EA-4756-80E0-2D9384091894}.Debug|Mixed Platforms.ActiveCfg = Debug|x86
		{A03BF694-C7EA-4756-80E0-2D9384091894}.Debug|Mixed Platforms.Build.0 = Debug|x86
		{A03BF694-C7EA-4756-80E0-2D9384091894}.Debug|x86.ActiveCfg = Debug|x86
		{A03BF694-C7EA-4756-80E0-2D9384091894}.Debug|x86.Build.0 = Debug|x86
		{A03BF694-C7EA-4756-80E0-2D9384091894}.Release|Any CPU.ActiveCfg = Release|x86
		{A03BF694-C7EA-4756-80E0-2D9384091894}.Release|Mixed Platforms.ActiveCfg = Release|x86
		{A03BF694-C7EA-4756-80E0-2D9384091894}.Release|Mixed Platforms.Build.0 = Release|x86
		{A03BF694-C7EA-4756-80E0-2D9384091894}.Release|x86.ActiveCfg = Release|x86
		{A03BF694-C7EA-4756-80E0-2D9384091894}.Release|x86.Build.0 = Release|x86
	EndGlobalSection
	GlobalSection(SolutionProperties) = preSolution
		HideSolutionNode = FALSE
	EndGlobalSection
EndGlobal
